
Microsoft Visual Studio Solution File, Format Version 12.00
# Visual Studio Version 16
VisualStudioVersion = 25.0.1705.0
MinimumVisualStudioVersion = 10.0.40219.1
Project("{FAE04EC0-301F-11D3-BF4B-00C04F79EFBC}") = "NginxDocker.Api", "NginxDocker.Api.csproj", "{6AF09703-DC4C-465B-AF2E-65598EA6A1C5}"
EndProject
Global
	GlobalSection(SolutionConfigurationPlatforms) = preSolution
		Debug|Any CPU = Debug|Any CPU
		Release|Any CPU = Release|Any CPU
	EndGlobalSection
	GlobalSection(ProjectConfigurationPlatforms) = postSolution
		{6AF09703-DC4C-465B-AF2E-65598EA6A1C5}.Debug|Any CPU.ActiveCfg = Debug|Any CPU
		{6AF09703-DC4C-465B-AF2E-65598EA6A1C5}.Debug|Any CPU.Build.0 = Debug|Any CPU
		{6AF09703-DC4C-465B-AF2E-65598EA6A1C5}.Release|Any CPU.ActiveCfg = Release|Any CPU
		{6AF09703-DC4C-465B-AF2E-65598EA6A1C5}.Release|Any CPU.Build.0 = Release|Any CPU
	EndGlobalSection
	GlobalSection(SolutionProperties) = preSolution
		HideSolutionNode = FALSE
	EndGlobalSection
	GlobalSection(ExtensibilityGlobals) = postSolution
		SolutionGuid = {8D3AF23D-9800-4ABB-9265-C8DD1E3B0D11}
	EndGlobalSection
EndGlobal
